# QDQ Agent — fully pinned dependency lock (generated by uv pip compile).
# 基準：206 conda `ivs`（實測可跑通完整 pipeline 含 Step 2）的版本。
# torch 2.0.1+cpu (<2.6，避開 torch.load weights_only 預設改動)；numpy 1.26.4。
# 更新方式：改 requirements.in 後 uv pip compile --index-strategy unsafe-best-match。
annotated-doc==0.0.4
annotated-types==0.7.0
anyio==4.14.1
backoff==2.2.1
certifi==2026.6.17
charset-normalizer==3.4.8
click==8.4.2
coloredlogs==15.0.1
contourpy==1.3.3
cycler==0.12.1
distro==1.9.0
et-xmlfile==2.0.0
fastapi==0.139.0
filelock==3.29.5
flatbuffers==25.12.19
fonttools==4.63.0
googleapis-common-protos==1.75.0
h11==0.16.0
httpcore==1.0.9
httpx==0.28.1
humanfriendly==10.0
idna==3.18
jinja2==3.1.6
jiter==0.16.0
jsonpatch==1.33
jsonpointer==3.1.1
kiwisolver==1.5.0
langchain-core==1.4.8
langchain-protocol==0.0.18
langfuse==4.13.0
langgraph==1.2.7
langgraph-checkpoint==4.1.1
langgraph-prebuilt==1.1.0
langgraph-sdk==0.4.2
langsmith==0.9.7
markdown-it-py==4.2.0
markupsafe==3.0.3
matplotlib==3.10.7
mdurl==0.1.2
ml-dtypes==0.5.4
mpmath==1.3.0
networkx==3.6.1
numpy==1.26.4
onnx==1.21.0
onnxruntime==1.23.2
onnxsim==0.6.3
openai==2.44.0
opencv-python-headless==4.11.0.86
openpyxl==3.1.5
opentelemetry-api==1.43.0
opentelemetry-exporter-otlp-proto-common==1.43.0
opentelemetry-exporter-otlp-proto-http==1.43.0
opentelemetry-proto==1.43.0
opentelemetry-sdk==1.43.0
opentelemetry-semantic-conventions==0.64b0
orjson==3.11.9
ormsgpack==1.12.2
packaging==26.2
pandas==2.3.3
pillow==11.3.0
protobuf==7.35.1
pydantic==2.13.4
pydantic-core==2.46.4
pygments==2.20.0
pyparsing==3.3.2
python-dateutil==2.9.0.post0
python-dotenv==1.2.2
pytz==2026.2
pyyaml==6.0.2
requests==2.32.5
requests-toolbelt==1.0.0
rich==15.0.0
scipy==1.15.3
seaborn==0.13.2
six==1.17.0
sniffio==1.3.1
starlette==1.3.1
sympy==1.14.0
tenacity==9.1.4
tqdm==4.67.1
typing-extensions==4.16.0
typing-inspection==0.4.2
tzdata==2026.2
urllib3==2.7.0
uuid-utils==0.16.2
uvicorn==0.50.2
websockets==15.0.1
wrapt==2.2.2
xxhash==3.8.1
zstandard==0.25.0
